
Microsoft Visual Studio Solution File, Format Version 12.00
# Visual Studio 15
VisualStudioVersion = 15.0.28307.136
MinimumVisualStudioVersion = 10.0.40219.1
Project("{FAE04EC0-301F-11D3-BF4B-00C04F79EFBC}") = "SignalRProgressBar", "SignalRProgressBar\SignalRProgressBar.csproj", "{2D8FE68B-6066-4CEC-9AEE-F4B63FFE53C9}"
EndProject
Project("{FAE04EC0-301F-11D3-BF4B-00C04F79EFBC}") = "BusinessService", "BusinessService\BusinessService.csproj", "{1B0ECB3C-62C6-4006-94D7-86E80336C3F1}"
EndProject
Global
	GlobalSection(SolutionConfigurationPlatforms) = preSolution
		Debug|Any CPU = Debug|Any CPU
		Release|Any CPU = Release|Any CPU
	EndGlobalSection
	GlobalSection(ProjectConfigurationPlatforms) = postSolution
		{2D8FE68B-6066-4CEC-9AEE-F4B63FFE53C9}.Debug|Any CPU.ActiveCfg = Debug|Any CPU
		{2D8FE68B-6066-4CEC-9AEE-F4B63FFE53C9}.Debug|Any CPU.Build.0 = Debug|Any CPU
		{2D8FE68B-6066-4CEC-9AEE-F4B63FFE53C9}.Release|Any CPU.ActiveCfg = Release|Any CPU
		{2D8FE68B-6066-4CEC-9AEE-F4B63FFE53C9}.Release|Any CPU.Build.0 = Release|Any CPU
		{1B0ECB3C-62C6-4006-94D7-86E80336C3F1}.Debug|Any CPU.ActiveCfg = Debug|Any CPU
		{1B0ECB3C-62C6-4006-94D7-86E80336C3F1}.Debug|Any CPU.Build.0 = Debug|Any CPU
		{1B0ECB3C-62C6-4006-94D7-86E80336C3F1}.Release|Any CPU.ActiveCfg = Release|Any CPU
		{1B0ECB3C-62C6-4006-94D7-86E80336C3F1}.Release|Any CPU.Build.0 = Release|Any CPU
	EndGlobalSection
	GlobalSection(SolutionProperties) = preSolution
		HideSolutionNode = FALSE
	EndGlobalSection
	GlobalSection(ExtensibilityGlobals) = postSolution
		SolutionGuid = {6366F162-4182-470A-96F8-D55C16FA10AA}
	EndGlobalSection
EndGlobal
